{
  "name": "3dperspektiv.se",
  "version": "1.0.0",
  "lockfileVersion": 1,
  "requires": true,
  "dependencies": {
    "@fontsource/raleway": {
      "version": "4.5.8",
      "resolved": "https://registry.npmjs.org/@fontsource/raleway/-/raleway-4.5.8.tgz",
      "integrity": "sha512-4aHInZYFegsrX/8/roXUoZHLfgrPGkkQaH/CYDx486RKf+5V/GIIetnVt5SO9mLdOqeqKJrpgLkL7kSf24SYug=="
    }
  }
}
